
Microsoft Visual Studio Solution File, Format Version 12.00
# Visual Studio Version 17
VisualStudioVersion = 17.11.35222.181
MinimumVisualStudioVersion = 10.0.40219.1
Project("{FAE04EC0-301F-11D3-BF4B-00C04F79EFBC}") = "webappnew", "webappnew.csproj", "{F349064B-1483-4543-9329-8A07556C0C69}"
EndProject
Global
	GlobalSection(SolutionConfigurationPlatforms) = preSolution
		Debug|Any CPU = Debug|Any CPU
		Release|Any CPU = Release|Any CPU
	EndGlobalSection
	GlobalSection(ProjectConfigurationPlatforms) = postSolution
		{F349064B-1483-4543-9329-8A07556C0C69}.Debug|Any CPU.ActiveCfg = Debug|Any CPU
		{F349064B-1483-4543-9329-8A07556C0C69}.Debug|Any CPU.Build.0 = Debug|Any CPU
		{F349064B-1483-4543-9329-8A07556C0C69}.Release|Any CPU.ActiveCfg = Release|Any CPU
		{F349064B-1483-4543-9329-8A07556C0C69}.Release|Any CPU.Build.0 = Release|Any CPU
	EndGlobalSection
	GlobalSection(SolutionProperties) = preSolution
		HideSolutionNode = FALSE
	EndGlobalSection
	GlobalSection(ExtensibilityGlobals) = postSolution
		SolutionGuid = {CDAA7216-3506-47BE-9DE3-71975629541D}
	EndGlobalSection
EndGlobal
